# Prototipo de syscall. Ver prototypes/README.md.
# Numero: /usr/include/x86_64-linux-gnu/asm/unistd_64.h
# Assinatura: man 2 munlock
# TODO: resumo e descricoes derivados da assinatura; revisar.
function_name: munlock
ssn: 150
summary: ""
input_args:
  arg0:
    type: "const void *"
    name: "addr"
    description: "Endereco de memoria."
  arg1:
    type: "size_t"
    name: "len"
    description: "Tamanho em bytes."
output_data:
  type: "int"
  name: "result"
  description: "0 ou um descritor em sucesso; negativo em erro (-errno)."
